# This file is automatically @generated by Cargo.
# It is not intended for manual editing.
[[package]]
name = "getopt"
version = "0.4.3"
source = "registry+https://github.com/rust-lang/crates.io-index"

[[package]]
name = "my"
version = "0.1.0"

[[package]]
name = "percent"
version = "0.1.0"
dependencies = [
 "getopt 0.4.3 (registry+https://github.com/rust-lang/crates.io-index)",
 "my 0.1.0",
]

[metadata]
"checksum getopt 0.4.3 (registry+https://github.com/rust-lang/crates.io-index)" = "a95225aadfc0023a68bac67428ed974a3bc3d1223b345549b0375b38472efc22"
