# This file is automatically @generated by Cargo.
# It is not intended for manual editing.
version = 3

[[package]]
name = "getopt"
version = "1.1.3"
source = "registry+https://github.com/rust-lang/crates.io-index"
checksum = "ee1289e6cb1ae7c28a9b9776bd599f8afb31c20965ff257a8ea20eaa4da5e3c7"

[[package]]
name = "percent"
version = "1.0.0"
dependencies = [
 "getopt",
 "program",
]

[[package]]
name = "program"
version = "1.0.0"
source = "git+git://git.dragonma.us/rust/program#5d19738e79e77030b59035409c7e359b8f330262"
