# This file is automatically @generated by Cargo.
# It is not intended for manual editing.
[[package]]
name = "getopt"
version = "0.4.3"
source = "registry+https://github.com/rust-lang/crates.io-index"
checksum = "a95225aadfc0023a68bac67428ed974a3bc3d1223b345549b0375b38472efc22"

[[package]]
name = "my"
version = "0.1.0"
source = "git+https://git.dragonma.us/dragonmaus/my.rs#f3c016c3a753aa693020d7955e9941d8379be0fa"

[[package]]
name = "percent"
version = "0.1.1"
dependencies = [
 "getopt",
 "my",
]
